
Microsoft Visual Studio Solution File, Format Version 12.00
# Visual Studio 15
VisualStudioVersion = 15.0.28307.421
MinimumVisualStudioVersion = 10.0.40219.1
Project("{8BC9CEB8-8B4A-11D0-8D11-00A0C91BC942}") = "PPPP2", "PPPP2\PPPP2.vcxproj", "{F8173444-855A-4AA5-94D3-90519F87EA8F}"
EndProject
Project("{8BC9CEB8-8B4A-11D0-8D11-00A0C91BC942}") = "UnitTests", "UnitTests\UnitTests.vcxproj", "{B0831C61-893F-40BC-B379-DAD93237275A}"
EndProject
Global
	GlobalSection(SolutionConfigurationPlatforms) = preSolution
		Debug|x64 = Debug|x64
		Debug|x86 = Debug|x86
		Release|x64 = Release|x64
		Release|x86 = Release|x86
	EndGlobalSection
	GlobalSection(ProjectConfigurationPlatforms) = postSolution
		{F8173444-855A-4AA5-94D3-90519F87EA8F}.Debug|x64.ActiveCfg = Debug|x64
		{F8173444-855A-4AA5-94D3-90519F87EA8F}.Debug|x64.Build.0 = Debug|x64
		{F8173444-855A-4AA5-94D3-90519F87EA8F}.Debug|x86.ActiveCfg = Debug|Win32
		{F8173444-855A-4AA5-94D3-90519F87EA8F}.Debug|x86.Build.0 = Debug|Win32
		{F8173444-855A-4AA5-94D3-90519F87EA8F}.Release|x64.ActiveCfg = Release|x64
		{F8173444-855A-4AA5-94D3-90519F87EA8F}.Release|x64.Build.0 = Release|x64
		{F8173444-855A-4AA5-94D3-90519F87EA8F}.Release|x86.ActiveCfg = Release|Win32
		{F8173444-855A-4AA5-94D3-90519F87EA8F}.Release|x86.Build.0 = Release|Win32
		{B0831C61-893F-40BC-B379-DAD93237275A}.Debug|x64.ActiveCfg = Debug|x64
		{B0831C61-893F-40BC-B379-DAD93237275A}.Debug|x64.Build.0 = Debug|x64
		{B0831C61-893F-40BC-B379-DAD93237275A}.Debug|x86.ActiveCfg = Debug|Win32
		{B0831C61-893F-40BC-B379-DAD93237275A}.Debug|x86.Build.0 = Debug|Win32
		{B0831C61-893F-40BC-B379-DAD93237275A}.Release|x64.ActiveCfg = Release|x64
		{B0831C61-893F-40BC-B379-DAD93237275A}.Release|x64.Build.0 = Release|x64
		{B0831C61-893F-40BC-B379-DAD93237275A}.Release|x86.ActiveCfg = Release|Win32
		{B0831C61-893F-40BC-B379-DAD93237275A}.Release|x86.Build.0 = Release|Win32
	EndGlobalSection
	GlobalSection(SolutionProperties) = preSolution
		HideSolutionNode = FALSE
	EndGlobalSection
	GlobalSection(ExtensibilityGlobals) = postSolution
		SolutionGuid = {18B488CF-4DAE-4A1A-97FC-8BF13F9840BF}
	EndGlobalSection
EndGlobal
